version = 1
requires-python = ">=3.12"

[[package]]
name = "jsonnet"
version = "0.20.0"
source = { registry = "https://pypi.org/simple" }
sdist = { url = "https://files.pythonhosted.org/packages/a5/0e/76e5029265bc4bc4d99ad521fcb32a83070af29a0babc331ad181c299ee0/jsonnet-0.20.0.tar.gz", hash = "sha256:7e770c7bf3a366b97b650a39430450f77612e74406731eb75c5bd59f3f104d4f", size = 594173 }

[[package]]
name = "payjp-openapi"
version = "0.0.0"
source = { virtual = "." }
dependencies = [
    { name = "jsonnet" },
]

[package.metadata]
requires-dist = [{ name = "jsonnet", specifier = ">=0.20.0" }]
